
Microsoft Visual Studio Solution File, Format Version 12.00
# Visual Studio Version 16
VisualStudioVersion = 16.0.30517.126
MinimumVisualStudioVersion = 10.0.40219.1
Project("{FAE04EC0-301F-11D3-BF4B-00C04F79EFBC}") = "TestAssignment.Android", "TestAssignment\TestAssignment.Android\TestAssignment.Android.csproj", "{DC20C95A-4D18-4666-8304-B873187BB8ED}"
EndProject
Project("{FAE04EC0-301F-11D3-BF4B-00C04F79EFBC}") = "TestAssignment.iOS", "TestAssignment\TestAssignment.iOS\TestAssignment.iOS.csproj", "{A5228BC8-BB59-4D2E-945A-5474F4E3B624}"
EndProject
Project("{FAE04EC0-301F-11D3-BF4B-00C04F79EFBC}") = "TestAssignment", "TestAssignment\TestAssignment\TestAssignment.csproj", "{5CB867A4-369A-4DB0-977D-065C6DBC90A2}"
EndProject
Global
	GlobalSection(SolutionConfigurationPlatforms) = preSolution
		Debug|Any CPU = Debug|Any CPU
		Debug|iPhone = Debug|iPhone
		Debug|iPhoneSimulator = Debug|iPhoneSimulator
		Release|Any CPU = Release|Any CPU
		Release|iPhone = Release|iPhone
		Release|iPhoneSimulator = Release|iPhoneSimulator
	EndGlobalSection
	GlobalSection(ProjectConfigurationPlatforms) = postSolution
		{DC20C95A-4D18-4666-8304-B873187BB8ED}.Debug|Any CPU.ActiveCfg = Debug|Any CPU
		{DC20C95A-4D18-4666-8304-B873187BB8ED}.Debug|Any CPU.Build.0 = Debug|Any CPU
		{DC20C95A-4D18-4666-8304-B873187BB8ED}.Debug|Any CPU.Deploy.0 = Debug|Any CPU
		{DC20C95A-4D18-4666-8304-B873187BB8ED}.Debug|iPhone.ActiveCfg = Debug|Any CPU
		{DC20C95A-4D18-4666-8304-B873187BB8ED}.Debug|iPhone.Build.0 = Debug|Any CPU
		{DC20C95A-4D18-4666-8304-B873187BB8ED}.Debug|iPhone.Deploy.0 = Debug|Any CPU
		{DC20C95A-4D18-4666-8304-B873187BB8ED}.Debug|iPhoneSimulator.ActiveCfg = Debug|Any CPU
		{DC20C95A-4D18-4666-8304-B873187BB8ED}.Debug|iPhoneSimulator.Build.0 = Debug|Any CPU
		{DC20C95A-4D18-4666-8304-B873187BB8ED}.Debug|iPhoneSimulator.Deploy.0 = Debug|Any CPU
		{DC20C95A-4D18-4666-8304-B873187BB8ED}.Release|Any CPU.ActiveCfg = Release|Any CPU
		{DC20C95A-4D18-4666-8304-B873187BB8ED}.Release|Any CPU.Build.0 = Release|Any CPU
		{DC20C95A-4D18-4666-8304-B873187BB8ED}.Release|Any CPU.Deploy.0 = Release|Any CPU
		{DC20C95A-4D18-4666-8304-B873187BB8ED}.Release|iPhone.ActiveCfg = Release|Any CPU
		{DC20C95A-4D18-4666-8304-B873187BB8ED}.Release|iPhone.Build.0 = Release|Any CPU
		{DC20C95A-4D18-4666-8304-B873187BB8ED}.Release|iPhone.Deploy.0 = Release|Any CPU
		{DC20C95A-4D18-4666-8304-B873187BB8ED}.Release|iPhoneSimulator.ActiveCfg = Release|Any CPU
		{DC20C95A-4D18-4666-8304-B873187BB8ED}.Release|iPhoneSimulator.Build.0 = Release|Any CPU
		{DC20C95A-4D18-4666-8304-B873187BB8ED}.Release|iPhoneSimulator.Deploy.0 = Release|Any CPU
		{A5228BC8-BB59-4D2E-945A-5474F4E3B624}.Debug|Any CPU.ActiveCfg = Debug|iPhone
		{A5228BC8-BB59-4D2E-945A-5474F4E3B624}.Debug|Any CPU.Build.0 = Debug|iPhone
		{A5228BC8-BB59-4D2E-945A-5474F4E3B624}.Debug|Any CPU.Deploy.0 = Debug|iPhone
		{A5228BC8-BB59-4D2E-945A-5474F4E3B624}.Debug|iPhone.ActiveCfg = Debug|iPhone
		{A5228BC8-BB59-4D2E-945A-5474F4E3B624}.Debug|iPhone.Build.0 = Debug|iPhone
		{A5228BC8-BB59-4D2E-945A-5474F4E3B624}.Debug|iPhone.Deploy.0 = Debug|iPhone
		{A5228BC8-BB59-4D2E-945A-5474F4E3B624}.Debug|iPhoneSimulator.ActiveCfg = Debug|iPhoneSimulator
		{A5228BC8-BB59-4D2E-945A-5474F4E3B624}.Debug|iPhoneSimulator.Build.0 = Debug|iPhoneSimulator
		{A5228BC8-BB59-4D2E-945A-5474F4E3B624}.Debug|iPhoneSimulator.Deploy.0 = Debug|iPhoneSimulator
		{A5228BC8-BB59-4D2E-945A-5474F4E3B624}.Release|Any CPU.ActiveCfg = Release|iPhoneSimulator
		{A5228BC8-BB59-4D2E-945A-5474F4E3B624}.Release|Any CPU.Build.0 = Release|iPhoneSimulator
		{A5228BC8-BB59-4D2E-945A-5474F4E3B624}.Release|Any CPU.Deploy.0 = Release|iPhoneSimulator
		{A5228BC8-BB59-4D2E-945A-5474F4E3B624}.Release|iPhone.ActiveCfg = Release|iPhone
		{A5228BC8-BB59-4D2E-945A-5474F4E3B624}.Release|iPhone.Build.0 = Release|iPhone
		{A5228BC8-BB59-4D2E-945A-5474F4E3B624}.Release|iPhone.Deploy.0 = Release|iPhone
		{A5228BC8-BB59-4D2E-945A-5474F4E3B624}.Release|iPhoneSimulator.ActiveCfg = Release|iPhoneSimulator
		{A5228BC8-BB59-4D2E-945A-5474F4E3B624}.Release|iPhoneSimulator.Build.0 = Release|iPhoneSimulator
		{A5228BC8-BB59-4D2E-945A-5474F4E3B624}.Release|iPhoneSimulator.Deploy.0 = Release|iPhoneSimulator
		{5CB867A4-369A-4DB0-977D-065C6DBC90A2}.Debug|Any CPU.ActiveCfg = Debug|Any CPU
		{5CB867A4-369A-4DB0-977D-065C6DBC90A2}.Debug|Any CPU.Build.0 = Debug|Any CPU
		{5CB867A4-369A-4DB0-977D-065C6DBC90A2}.Debug|Any CPU.Deploy.0 = Debug|Any CPU
		{5CB867A4-369A-4DB0-977D-065C6DBC90A2}.Debug|iPhone.ActiveCfg = Debug|Any CPU
		{5CB867A4-369A-4DB0-977D-065C6DBC90A2}.Debug|iPhone.Build.0 = Debug|Any CPU
		{5CB867A4-369A-4DB0-977D-065C6DBC90A2}.Debug|iPhone.Deploy.0 = Debug|Any CPU
		{5CB867A4-369A-4DB0-977D-065C6DBC90A2}.Debug|iPhoneSimulator.ActiveCfg = Debug|Any CPU
		{5CB867A4-369A-4DB0-977D-065C6DBC90A2}.Debug|iPhoneSimulator.Build.0 = Debug|Any CPU
		{5CB867A4-369A-4DB0-977D-065C6DBC90A2}.Debug|iPhoneSimulator.Deploy.0 = Debug|Any CPU
		{5CB867A4-369A-4DB0-977D-065C6DBC90A2}.Release|Any CPU.ActiveCfg = Release|Any CPU
		{5CB867A4-369A-4DB0-977D-065C6DBC90A2}.Release|Any CPU.Build.0 = Release|Any CPU
		{5CB867A4-369A-4DB0-977D-065C6DBC90A2}.Release|Any CPU.Deploy.0 = Release|Any CPU
		{5CB867A4-369A-4DB0-977D-065C6DBC90A2}.Release|iPhone.ActiveCfg = Release|Any CPU
		{5CB867A4-369A-4DB0-977D-065C6DBC90A2}.Release|iPhone.Build.0 = Release|Any CPU
		{5CB867A4-369A-4DB0-977D-065C6DBC90A2}.Release|iPhone.Deploy.0 = Release|Any CPU
		{5CB867A4-369A-4DB0-977D-065C6DBC90A2}.Release|iPhoneSimulator.ActiveCfg = Release|Any CPU
		{5CB867A4-369A-4DB0-977D-065C6DBC90A2}.Release|iPhoneSimulator.Build.0 = Release|Any CPU
		{5CB867A4-369A-4DB0-977D-065C6DBC90A2}.Release|iPhoneSimulator.Deploy.0 = Release|Any CPU
	EndGlobalSection
	GlobalSection(SolutionProperties) = preSolution
		HideSolutionNode = FALSE
	EndGlobalSection
	GlobalSection(ExtensibilityGlobals) = postSolution
		SolutionGuid = {F315836D-0AE3-426D-8EDF-EDB9FD5CF195}
	EndGlobalSection
EndGlobal
